
Microsoft Visual Studio Solution File, Format Version 12.00
Project("{FAE04EC0-301F-11D3-BF4B-00C04F79EFBC}") = "Reddit-Clone", "Reddit-Clone\Reddit-Clone.csproj", "{45384E89-33D7-4643-9CF1-ED6842B8023B}"
EndProject
Project("{FAE04EC0-301F-11D3-BF4B-00C04F79EFBC}") = "Application", "Application\Application.csproj", "{8D73EB21-2E17-41B1-82DF-38EB3B35D9F1}"
EndProject
Project("{FAE04EC0-301F-11D3-BF4B-00C04F79EFBC}") = "Domain", "Domain\Domain.csproj", "{C6947E3C-7987-4228-9007-963D4E1A1242}"
EndProject
Project("{FAE04EC0-301F-11D3-BF4B-00C04F79EFBC}") = "Infrastructure", "Infrastructure\Infrastructure.csproj", "{C31C7B00-33BB-42F2-8DD2-A0E82B1D9796}"
EndProject
Global
	GlobalSection(SolutionConfigurationPlatforms) = preSolution
		Debug|Any CPU = Debug|Any CPU
		Release|Any CPU = Release|Any CPU
	EndGlobalSection
	GlobalSection(ProjectConfigurationPlatforms) = postSolution
		{45384E89-33D7-4643-9CF1-ED6842B8023B}.Debug|Any CPU.ActiveCfg = Debug|Any CPU
		{45384E89-33D7-4643-9CF1-ED6842B8023B}.Debug|Any CPU.Build.0 = Debug|Any CPU
		{45384E89-33D7-4643-9CF1-ED6842B8023B}.Release|Any CPU.ActiveCfg = Release|Any CPU
		{45384E89-33D7-4643-9CF1-ED6842B8023B}.Release|Any CPU.Build.0 = Release|Any CPU
		{8D73EB21-2E17-41B1-82DF-38EB3B35D9F1}.Debug|Any CPU.ActiveCfg = Debug|Any CPU
		{8D73EB21-2E17-41B1-82DF-38EB3B35D9F1}.Debug|Any CPU.Build.0 = Debug|Any CPU
		{8D73EB21-2E17-41B1-82DF-38EB3B35D9F1}.Release|Any CPU.ActiveCfg = Release|Any CPU
		{8D73EB21-2E17-41B1-82DF-38EB3B35D9F1}.Release|Any CPU.Build.0 = Release|Any CPU
		{C6947E3C-7987-4228-9007-963D4E1A1242}.Debug|Any CPU.ActiveCfg = Debug|Any CPU
		{C6947E3C-7987-4228-9007-963D4E1A1242}.Debug|Any CPU.Build.0 = Debug|Any CPU
		{C6947E3C-7987-4228-9007-963D4E1A1242}.Release|Any CPU.ActiveCfg = Release|Any CPU
		{C6947E3C-7987-4228-9007-963D4E1A1242}.Release|Any CPU.Build.0 = Release|Any CPU
		{C31C7B00-33BB-42F2-8DD2-A0E82B1D9796}.Debug|Any CPU.ActiveCfg = Debug|Any CPU
		{C31C7B00-33BB-42F2-8DD2-A0E82B1D9796}.Debug|Any CPU.Build.0 = Debug|Any CPU
		{C31C7B00-33BB-42F2-8DD2-A0E82B1D9796}.Release|Any CPU.ActiveCfg = Release|Any CPU
		{C31C7B00-33BB-42F2-8DD2-A0E82B1D9796}.Release|Any CPU.Build.0 = Release|Any CPU
	EndGlobalSection
EndGlobal
